schema: '2.0'
stages:
  data_ingestion:
    cmd: python scripts/data_ingestion.py
    deps:
    - path: config/config.yaml
      hash: md5
      md5: 3ad6da4f6cf4208fd2c2419fe0d081ea
      size: 1513
    - path: scripts/data_ingestion.py
      hash: md5
      md5: c853dfc6d3b1e6ef7ef87cea9d796006
      size: 2324
    outs:
    - path: data/raw
      hash: md5
      md5: 78003ffd993ec3afe0d09c078f269cb9.dir
      size: 1610352640
      nfiles: 1
  preprocess:
    cmd: python scripts/data_preprocessing.py --config config/config.yaml
    deps:
    - path: config/config.yaml
      hash: md5
      md5: 3ad6da4f6cf4208fd2c2419fe0d081ea
      size: 1513
    - path: data/extracted/dataset.json
      hash: md5
      md5: 91d67054fc006ad04e499e546255d0d8
      size: 4140
    - path: scripts/data_preprocessing.py
      hash: md5
      md5: 59be4892d80d3fd60719d37d7112a2fd
      size: 6309
  train:
    cmd: python scripts/model_training.py
    deps:
    - path: config/config.yaml
      hash: md5
      md5: 3ad6da4f6cf4208fd2c2419fe0d081ea
      size: 1513
    - path: scripts/data_preprocessing.py
      hash: md5
      md5: 59be4892d80d3fd60719d37d7112a2fd
      size: 6309
    - path: scripts/model_loader.py
      hash: md5
      md5: b1768e89e0e66441ab828be5f42b069e
      size: 2199
    - path: scripts/model_training.py
      hash: md5
      md5: 1c569ff1c6c5fd84e346eecda7a5cbf3
      size: 5041
    outs:
    - path: mlruns
      hash: md5
      md5: 778b658ce368fca327b7521ed86ecc0f.dir
      size: 1211
      nfiles: 21
  evaluate:
    cmd: python scripts/model_evaluation.py
    deps:
    - path: config/config.yaml
      hash: md5
      md5: 3ad6da4f6cf4208fd2c2419fe0d081ea
      size: 1513
    - path: scripts/data_preprocessing.py
      hash: md5
      md5: 59be4892d80d3fd60719d37d7112a2fd
      size: 6309
    - path: scripts/model_evaluation.py
      hash: md5
      md5: 940f1a5e337b97e38cbf4c0ba271d3f4
      size: 5557
    - path: scripts/model_loader.py
      hash: md5
      md5: b1768e89e0e66441ab828be5f42b069e
      size: 2199
    - path: scripts/utils.py
      hash: md5
      md5: f8223771f433f5f7bd54bb7fdea9a79d
      size: 5662
