schema: '2.0'
stages:
  data_ingestion:
    cmd: python scripts/data_ingestion.py
    deps:
    - path: config/config.yaml
      hash: md5
      md5: a7905bd5890edeac7d5a9651d3dacd9d
      size: 1025
    - path: scripts/data_ingestion.py
      hash: md5
      md5: c5c619c67382e8e7406d7bc9cd7037bb
      size: 2072
    outs:
    - path: data/raw
      hash: md5
      md5: e49f8db52aae2f43966f767308f021e5.dir
      size: 455721472
      nfiles: 1
  preprocess:
    cmd: python scripts/data_preprocessing.py --config config/config.yaml
    deps:
    - path: config/config.yaml
      hash: md5
      md5: a7905bd5890edeac7d5a9651d3dacd9d
      size: 1025
    - path: data/extracted/Task02_Heart/dataset.json
      hash: md5
      md5: 510bce37cff7829f70cec65f9ff16b10
      size: 2059
      isexec: true
    - path: scripts/data_preprocessing.py
      hash: md5
      md5: 245455f25eb53770fe3c4cb5b7f5aad3
      size: 7074
  train:
    cmd: python scripts/model_training.py
    deps:
    - path: config/config.yaml
      hash: md5
      md5: 225e872c979fb5f8b0e2a6a702533114
      size: 1061
    - path: scripts/data_preprocessing.py
      hash: md5
      md5: 245455f25eb53770fe3c4cb5b7f5aad3
      size: 7074
    - path: scripts/model_loader.py
      hash: md5
      md5: c9d4d8a25b685b074ced6e7c5567a634
      size: 2216
    - path: scripts/model_training.py
      hash: md5
      md5: a26767d3bacd10912c63d9dbe878dc8b
      size: 3463
    outs:
    - path: checkpoints/best_model.pth
      hash: md5
      md5: 64d6bd0e58244b84c34c0729f63a7f35
      size: 1227383866
    - path: mlruns
      hash: md5
      md5: 90de2f8ac76e1bd5385f96f3f5fb0842.dir
      size: 1227385282
      nfiles: 15
  evaluate:
    cmd: python scripts/model_evaluation.py
    deps:
    - path: checkpoints/best_model.pth
      hash: md5
      md5: 2ca48c978654daa0208be62f1df0ec11
      size: 57859125
    - path: config/config.yaml
      hash: md5
      md5: 65e9afe8791a2264dbd29afe35108ce3
      size: 1062
    - path: scripts/data_preprocessing.py
      hash: md5
      md5: 245455f25eb53770fe3c4cb5b7f5aad3
      size: 7074
    - path: scripts/model_evaluation.py
      hash: md5
      md5: 75f9e42459d970f0d47a10352ab06cea
      size: 2269
    - path: scripts/model_loader.py
      hash: md5
      md5: 0dd192946e8fb87ea9cdc9819d0a9809
      size: 2286
    - path: scripts/utils.py
      hash: md5
      md5: 2f6eeaccc90d84fbad0fbf49686cf69d
      size: 1894
